<?xml version="1.0" encoding="utf-8"?>
<Project ToolsVersion="4.0" xmlns="http://schemas.microsoft.com/developer/msbuild/2003">
  <ItemGroup>
    <ClCompile Include="..\src\imgui\imgui.cpp">
      <Filter>imgui</Filter>
    </ClCompile>
    <ClCompile Include="..\src\imgui\imgui_demo.cpp">
      <Filter>imgui</Filter>
    </ClCompile>
    <ClCompile Include="..\src\imgui\imgui_draw.cpp">
      <Filter>imgui</Filter>
    </ClCompile>
    <ClCompile Include="..\src\imgui\imgui_tables.cpp">
      <Filter>imgui</Filter>
    </ClCompile>
    <ClCompile Include="..\src\imgui\imgui_widgets.cpp">
      <Filter>imgui</Filter>
    </ClCompile>
    <ClCompile Include="..\src\imgui\imgui-SFML.cpp">
      <Filter>imgui</Filter>
    </ClCompile>
    <ClCompile Include="..\src\Scene.cpp">
      <Filter>scenes</Filter>
    </ClCompile>
    <ClCompile Include="..\src\Scene_Main.cpp">
      <Filter>scenes</Filter>
    </ClCompile>
    <ClCompile Include="..\src\GoodAssert.cpp">
      <Filter>engine</Filter>
    </ClCompile>
    <ClCompile Include="..\src\GameEngine.cpp">
      <Filter>engine</Filter>
    </ClCompile>
    <ClCompile Include="..\src\Tools.cpp">
      <Filter>engine</Filter>
    </ClCompile>
    <ClCompile Include="..\src\Processor_Heat.cpp">
      <Filter>processors\heat</Filter>
    </ClCompile>
    <ClCompile Include="..\src\HeatGrid.cpp">
      <Filter>processors\heat</Filter>
    </ClCompile>
    <ClCompile Include="..\src\Processor_Colorizer.cpp">
      <Filter>processors\colorizer</Filter>
    </ClCompile>
    <ClCompile Include="..\src\SandboxProjector.cpp">
      <Filter>calibration</Filter>
    </ClCompile>
    <ClCompile Include="..\src\DataWarper.cpp">
      <Filter>calibration</Filter>
    </ClCompile>
    <ClCompile Include="..\src\HeatGrid.cpp">
      <Filter>processors\heat</Filter>
    </ClCompile>
    <ClCompile Include="..\src\Processor_Heat.cpp">
      <Filter>processors\heat</Filter>
    </ClCompile>
    <ClCompile Include="..\src\ParticleManager.cpp">
      <Filter>processors\vectors</Filter>
    </ClCompile>
    <ClCompile Include="..\src\Processor_Vectors.cpp">
      <Filter>processors\vectors</Filter>
    </ClCompile>
    <ClCompile Include="..\src\HandDetection.cpp">
      <Filter>camera</Filter>
    </ClCompile>
    <ClCompile Include="..\src\Source_Camera.cpp">
      <Filter>sources</Filter>
    </ClCompile>
    <ClCompile Include="..\src\Source_Perlin.cpp">
      <Filter>sources</Filter>
    </ClCompile>
    <ClCompile Include="..\src\Source_Snapshot.cpp">
      <Filter>sources</Filter>
    </ClCompile>
    <ClCompile Include="..\src\VectorField.cpp">
      <Filter>processors\vectors</Filter>
    </ClCompile>
  </ItemGroup>
  <ItemGroup>
    <ClInclude Include="..\src\Scene.h">
      <Filter>scenes</Filter>
    </ClInclude>
    <ClInclude Include="..\src\Scene_Main.h">
      <Filter>scenes</Filter>
    </ClInclude>
    <ClInclude Include="..\src\Logger.hpp">
      <Filter>engine</Filter>
    </ClInclude>
    <ClInclude Include="..\src\GoodAssert.h">
      <Filter>engine</Filter>
    </ClInclude>
    <ClInclude Include="..\src\GameEngine.h">
      <Filter>engine</Filter>
    </ClInclude>
    <ClInclude Include="..\src\Timer.hpp">
      <Filter>engine</Filter>
    </ClInclude>
    <ClInclude Include="..\src\Tools.h">
      <Filter>engine</Filter>
    </ClInclude>
    <ClInclude Include="..\src\Save.hpp">
      <Filter>engine</Filter>
    </ClInclude>
    <ClInclude Include="..\src\TopographyProcessor.h">
      <Filter>processors</Filter>
    </ClInclude>
    <ClInclude Include="..\src\Processor_Heat.h">
      <Filter>processors\heat</Filter>
    </ClInclude>
    <ClInclude Include="..\src\HeatGrid.h">
      <Filter>processors\heat</Filter>
    </ClInclude>
    <ClInclude Include="..\src\Processor_Colorizer.h">
      <Filter>processors\colorizer</Filter>
    </ClInclude>
    <ClInclude Include="..\src\Profiler.hpp">
      <Filter>engine</Filter>
    </ClInclude>
    <ClInclude Include="..\src\ViewController.hpp">
      <Filter>engine</Filter>
    </ClInclude>
    <ClInclude Include="..\src\RealSenseTools.hpp">
      <Filter>camera</Filter>
    </ClInclude>
    <ClInclude Include="..\src\CameraFilters.hpp">
      <Filter>camera</Filter>
    </ClInclude>
    <ClInclude Include="..\src\SandboxProjector.h">
      <Filter>calibration</Filter>
    </ClInclude>
    <ClInclude Include="..\src\DataWarper.h">
      <Filter>calibration</Filter>
    </ClInclude>
    <ClInclude Include="..\src\Perlin.hpp">
      <Filter>engine</Filter>
    </ClInclude>
    <ClInclude Include="..\src\Grid.hpp">
      <Filter>engine</Filter>
    </ClInclude>
    <ClInclude Include="..\src\Sandbox.h" />
    <ClInclude Include="..\src\ParticleManager.h">
      <Filter>processors\vectors</Filter>
    </ClInclude>
    <ClInclude Include="..\src\Processor_Vectors.h">
      <Filter>processors\vectors</Filter>
    </ClInclude>
    <ClInclude Include="..\src\HandDetection.h">
      <Filter>camera</Filter>
    </ClInclude>
    <ClInclude Include="..\src\TopographySource.h">
      <Filter>sources</Filter>
    </ClInclude>
    <ClInclude Include="..\src\Source_Camera.h">
      <Filter>sources</Filter>
    </ClInclude>
    <ClInclude Include="..\src\Source_Perlin.h">
      <Filter>sources</Filter>
    </ClInclude>
    <ClInclude Include="..\src\Source_Snapshot.h">
      <Filter>sources</Filter>
    </ClInclude>
    <ClInclude Include="..\src\GestureClassifier.hpp">
      <Filter>camera</Filter>
    </ClInclude>
    <ClInclude Include="..\src\VectorField.h">
      <Filter>processors\vectors</Filter>
    </ClInclude>
  </ItemGroup>
  <ItemGroup>
    <None Include="..\bin\shaders\shader_contour_color.frag">
      <Filter>shaders</Filter>
    </None>
    <None Include="..\bin\shaders\shader_heat.frag">
      <Filter>shaders</Filter>
    </None>
    <None Include="..\bin\shaders\shader_vector_fields.frag">
      <Filter>shaders</Filter>
    </None>
  </ItemGroup>
  <ItemGroup>
    <Filter Include="imgui">
      <UniqueIdentifier>{62be1bbf-d6bd-433b-94a8-fe899c0c48d7}</UniqueIdentifier>
    </Filter>
    <Filter Include="shaders">
      <UniqueIdentifier>{d081f6a3-854a-43b2-975e-21a8af03e1e1}</UniqueIdentifier>
    </Filter>
    <Filter Include="scenes">
      <UniqueIdentifier>{e9d446fe-43d5-445f-a221-bb3478d9402f}</UniqueIdentifier>
    </Filter>
    <Filter Include="engine">
      <UniqueIdentifier>{e350c821-f171-4375-95b5-3a36cc054c80}</UniqueIdentifier>
    </Filter>
    <Filter Include="processors">
      <UniqueIdentifier>{960b045e-9a96-4ce7-8ccc-d18cfbf26950}</UniqueIdentifier>
    </Filter>
    <Filter Include="processors\heat">
      <UniqueIdentifier>{ec1db916-4f12-4bf6-b9da-a8e929c59028}</UniqueIdentifier>
    </Filter>
    <Filter Include="processors\colorizer">
      <UniqueIdentifier>{4914076f-3beb-4024-8e48-d76ad32a6dfa}</UniqueIdentifier>
    </Filter>
    <Filter Include="camera">
      <UniqueIdentifier>{4a1e8f66-f9d6-4160-b8f9-fcb860f59987}</UniqueIdentifier>
    </Filter>
    <Filter Include="calibration">
      <UniqueIdentifier>{8274e842-7bd1-4020-b79c-6007d282d44f}</UniqueIdentifier>
    </Filter>
    <Filter Include="processors\vectors">
      <UniqueIdentifier>{22e83f83-56dc-408f-9d8d-788309b022db}</UniqueIdentifier>
    </Filter>
    <Filter Include="sources">
      <UniqueIdentifier>{023f8d89-974c-4af5-a780-8732fc50a3a3}</UniqueIdentifier>
    </Filter>
  </ItemGroup>
</Project>