<?xml version="1.0" encoding="utf-8"?>
<Project ToolsVersion="4.0" xmlns="http://schemas.microsoft.com/developer/msbuild/2003">
  <ItemGroup>
    <ClCompile Include="..\src\Visualizer_AStar.cpp">
      <Filter>visualizers</Filter>
    </ClCompile>
    <ClCompile Include="..\src\Visualizer_BFS.cpp">
      <Filter>visualizers\vectors</Filter>
    </ClCompile>
    <ClCompile Include="..\src\Visualizer_Animals.cpp">
      <Filter>visualizers</Filter>
    </ClCompile>
    <ClCompile Include="..\src\Visualizer_Balls.cpp">
      <Filter>visualizers</Filter>
    </ClCompile>
    <ClCompile Include="..\src\Visualizer_BioluminescentMycelium.cpp">
      <Filter>visualizers</Filter>
    </ClCompile>
    <ClCompile Include="..\src\Visualizer_Cloth.cpp">
      <Filter>visualizers</Filter>
    </ClCompile>
    <ClCompile Include="..\src\Visualizer_ColorAdjustment.cpp">
      <Filter>visualizers</Filter>
    </ClCompile>
    <ClCompile Include="..\src\Visualizer_ContourLines.cpp">
      <Filter>visualizers</Filter>
    </ClCompile>
    <ClCompile Include="..\src\Visualizer_SmokeFire.cpp">
      <Filter>visualizers</Filter>
    </ClCompile>
    <ClCompile Include="..\src\Visualizer_Weather.cpp">
      <Filter>visualizers</Filter>
    </ClCompile>
    <ClCompile Include="..\src\Visualizer_FishPond.cpp">
      <Filter>visualizers</Filter>
    </ClCompile>
    <ClCompile Include="..\src\Visualizer_ForestFire.cpp">
      <Filter>visualizers</Filter>
    </ClCompile>
    <ClCompile Include="..\src\Visualizer_GravitationalStarfield.cpp">
      <Filter>visualizers</Filter>
    </ClCompile>
    <ClCompile Include="..\src\Visualizer_ObsidianCaldera.cpp">
      <Filter>visualizers</Filter>
    </ClCompile>
    <ClCompile Include="..\src\Visualizer_PrismaticGlacier.cpp">
      <Filter>visualizers</Filter>
    </ClCompile>
    <ClCompile Include="..\src\Visualizer_Hexagon.cpp">
      <Filter>visualizers</Filter>
    </ClCompile>
    <ClCompile Include="..\src\imgui\imgui.cpp">
      <Filter>imgui</Filter>
    </ClCompile>
    <ClCompile Include="..\src\imgui\imgui_demo.cpp">
      <Filter>imgui</Filter>
    </ClCompile>
    <ClCompile Include="..\src\imgui\imgui_draw.cpp">
      <Filter>imgui</Filter>
    </ClCompile>
    <ClCompile Include="..\src\imgui\imgui_tables.cpp">
      <Filter>imgui</Filter>
    </ClCompile>
    <ClCompile Include="..\src\imgui\imgui_widgets.cpp">
      <Filter>imgui</Filter>
    </ClCompile>
    <ClCompile Include="..\src\imgui\imgui-SFML.cpp">
      <Filter>imgui</Filter>
    </ClCompile>
    <ClCompile Include="..\src\SandboxSession.cpp">
      <Filter>engine</Filter>
    </ClCompile>
    <ClCompile Include="..\src\SandboxGUI.cpp">
      <Filter>engine</Filter>
    </ClCompile>
    <ClCompile Include="..\src\Tools.cpp">
      <Filter>engine</Filter>
    </ClCompile>
    <ClCompile Include="..\src\Visualizer_TerrainLighting.cpp">
      <Filter>visualizers</Filter>
    </ClCompile>
    <ClCompile Include="..\src\Visualizer_Blockworld.cpp">
      <Filter>visualizers</Filter>
    </ClCompile>
    <ClCompile Include="..\src\Visualizer_Minecraft.cpp">
      <Filter>visualizers</Filter>
    </ClCompile>
    <ClCompile Include="..\src\Visualizer_MountainPeaks.cpp">
      <Filter>visualizers</Filter>
    </ClCompile>
    <ClCompile Include="..\src\Visualizer_Nature.cpp">
      <Filter>visualizers</Filter>
    </ClCompile>
    <ClCompile Include="..\src\Visualizer_Colorizer.cpp">
      <Filter>visualizers\colorizer</Filter>
    </ClCompile>
    <ClCompile Include="..\src\SandboxProjector.cpp">
      <Filter>calibration</Filter>
    </ClCompile>
    <ClCompile Include="..\src\DataWarper.cpp">
      <Filter>calibration</Filter>
    </ClCompile>
    <ClCompile Include="..\src\ParticleManager.cpp">
      <Filter>visualizers\vectors</Filter>
    </ClCompile>
    <ClCompile Include="..\src\Visualizer_Vectors.cpp">
      <Filter>visualizers\vectors</Filter>
    </ClCompile>
    <ClCompile Include="..\src\Visualizer_WaterFlow.cpp">
      <Filter>visualizers</Filter>
    </ClCompile>
    <ClCompile Include="..\src\Source_Camera.cpp">
      <Filter>sources</Filter>
    </ClCompile>
    <ClCompile Include="..\src\Source_PaintBrush.cpp">
      <Filter>sources</Filter>
    </ClCompile>
    <ClCompile Include="..\src\Source_Snapshot.cpp">
      <Filter>sources</Filter>
    </ClCompile>
    <ClCompile Include="..\src\Source_Waves.cpp">
      <Filter>sources</Filter>
    </ClCompile>
    <ClCompile Include="..\src\VectorField.cpp">
      <Filter>visualizers\vectors</Filter>
    </ClCompile>
    <ClCompile Include="..\src\HeatGrid.cpp">
      <Filter>visualizers\heat</Filter>
    </ClCompile>
    <ClCompile Include="..\src\Visualizer_Heat.cpp">
      <Filter>visualizers\heat</Filter>
    </ClCompile>
    <ClCompile Include="..\src\HeatGrid.cpp" />
    <ClCompile Include="..\src\Visualizer_Heat.cpp" />
    <ClCompile Include="..\src\Source_Perlin.cpp">
      <Filter>sources\perlin</Filter>
    </ClCompile>
    <ClCompile Include="..\src\Terrain3DView.cpp">
      <Filter>engine</Filter>
    </ClCompile>
  </ItemGroup>
  <ItemGroup>
    <ClInclude Include="..\src\Visualizer_AStar.h">
      <Filter>visualizers</Filter>
    </ClInclude>
    <ClInclude Include="..\src\Visualizer_BFS.h">
      <Filter>visualizers\vectors</Filter>
    </ClInclude>
    <ClInclude Include="..\src\Visualizer_Animals.h">
      <Filter>visualizers</Filter>
    </ClInclude>
    <ClInclude Include="..\src\Visualizer_Balls.h">
      <Filter>visualizers</Filter>
    </ClInclude>
    <ClInclude Include="..\src\Visualizer_BioluminescentMycelium.h">
      <Filter>visualizers</Filter>
    </ClInclude>
    <ClInclude Include="..\src\Visualizer_Cloth.h">
      <Filter>visualizers</Filter>
    </ClInclude>
    <ClInclude Include="..\src\Visualizer_ColorAdjustment.h">
      <Filter>visualizers</Filter>
    </ClInclude>
    <ClInclude Include="..\src\Visualizer_ContourLines.h">
      <Filter>visualizers</Filter>
    </ClInclude>
    <ClInclude Include="..\src\Visualizer_SmokeFire.h">
      <Filter>visualizers</Filter>
    </ClInclude>
    <ClInclude Include="..\src\Visualizer_Weather.h">
      <Filter>visualizers</Filter>
    </ClInclude>
    <ClInclude Include="..\src\Visualizer_FishPond.h">
      <Filter>visualizers</Filter>
    </ClInclude>
    <ClInclude Include="..\src\Visualizer_ForestFire.h">
      <Filter>visualizers</Filter>
    </ClInclude>
    <ClInclude Include="..\src\Visualizer_GravitationalStarfield.h">
      <Filter>visualizers</Filter>
    </ClInclude>
    <ClInclude Include="..\src\Visualizer_ObsidianCaldera.h">
      <Filter>visualizers</Filter>
    </ClInclude>
    <ClInclude Include="..\src\Visualizer_PrismaticGlacier.h">
      <Filter>visualizers</Filter>
    </ClInclude>
    <ClInclude Include="..\src\Visualizer_Hexagon.h">
      <Filter>visualizers</Filter>
    </ClInclude>
    <ClInclude Include="..\src\SandboxSession.h">
      <Filter>engine</Filter>
    </ClInclude>
    <ClInclude Include="..\src\SandboxGUI.h">
      <Filter>engine</Filter>
    </ClInclude>
    <ClInclude Include="..\src\Timer.hpp">
      <Filter>engine</Filter>
    </ClInclude>
    <ClInclude Include="..\src\Tools.h">
      <Filter>engine</Filter>
    </ClInclude>
    <ClInclude Include="..\src\Settings.hpp">
      <Filter>engine</Filter>
    </ClInclude>
    <ClInclude Include="..\src\TerrainFrame.hpp">
      <Filter>engine</Filter>
    </ClInclude>
    <ClInclude Include="..\src\Visualizer.hpp">
      <Filter>visualizers</Filter>
    </ClInclude>
    <ClInclude Include="..\src\Visualizer_Heat.h">
      <Filter>visualizers\heat</Filter>
    </ClInclude>
    <ClInclude Include="..\src\Visualizer_TerrainLighting.h">
      <Filter>visualizers</Filter>
    </ClInclude>
    <ClInclude Include="..\src\Visualizer_Blockworld.h">
      <Filter>visualizers</Filter>
    </ClInclude>
    <ClInclude Include="..\src\Visualizer_Minecraft.h">
      <Filter>visualizers</Filter>
    </ClInclude>
    <ClInclude Include="..\src\Visualizer_MountainPeaks.h">
      <Filter>visualizers</Filter>
    </ClInclude>
    <ClInclude Include="..\src\Visualizer_Nature.h">
      <Filter>visualizers</Filter>
    </ClInclude>
    <ClInclude Include="..\src\HeatGrid.h">
      <Filter>visualizers\heat</Filter>
    </ClInclude>
    <ClInclude Include="..\src\Visualizer_Colorizer.h">
      <Filter>visualizers\colorizer</Filter>
    </ClInclude>
    <ClInclude Include="..\src\Profiler.hpp">
      <Filter>engine</Filter>
    </ClInclude>
    <ClInclude Include="..\src\ViewController.hpp">
      <Filter>engine</Filter>
    </ClInclude>
    <ClInclude Include="..\src\CameraFilters.hpp">
      <Filter>camera</Filter>
    </ClInclude>
    <ClInclude Include="..\src\SandboxProjector.h">
      <Filter>calibration</Filter>
    </ClInclude>
    <ClInclude Include="..\src\DataWarper.h">
      <Filter>calibration</Filter>
    </ClInclude>
    <ClInclude Include="..\src\Sandbox.h" />
    <ClInclude Include="..\src\ParticleManager.h">
      <Filter>visualizers\vectors</Filter>
    </ClInclude>
    <ClInclude Include="..\src\Visualizer_Vectors.h">
      <Filter>visualizers\vectors</Filter>
    </ClInclude>
    <ClInclude Include="..\src\Visualizer_WaterFlow.h">
      <Filter>visualizers</Filter>
    </ClInclude>
    <ClInclude Include="..\src\Source.hpp">
      <Filter>sources</Filter>
    </ClInclude>
    <ClInclude Include="..\src\Source_Camera.h">
      <Filter>sources</Filter>
    </ClInclude>
    <ClInclude Include="..\src\Source_PaintBrush.h">
      <Filter>sources</Filter>
    </ClInclude>
    <ClInclude Include="..\src\Source_Snapshot.h">
      <Filter>sources</Filter>
    </ClInclude>
    <ClInclude Include="..\src\Source_Waves.h">
      <Filter>sources</Filter>
    </ClInclude>
    <ClInclude Include="..\src\MarkerDetector.hpp">
      <Filter>camera</Filter>
    </ClInclude>
    <ClInclude Include="..\src\VectorField.h">
      <Filter>visualizers\vectors</Filter>
    </ClInclude>
    <ClInclude Include="..\src\Perlin.hpp">
      <Filter>sources\perlin</Filter>
    </ClInclude>
    <ClInclude Include="..\src\Source_Perlin.h">
      <Filter>sources\perlin</Filter>
    </ClInclude>
    <ClInclude Include="..\src\Terrain3DView.h">
      <Filter>engine</Filter>
    </ClInclude>
  </ItemGroup>
  <ItemGroup>
    <None Include="..\bin\shaders\shader_ball_sphere.frag">
      <Filter>shaders</Filter>
    </None>
    <None Include="..\bin\shaders\shader_balls.frag">
      <Filter>shaders</Filter>
    </None>
    <None Include="..\bin\shaders\shader_bioluminescent_mycelium.frag">
      <Filter>shaders</Filter>
    </None>
    <None Include="..\bin\shaders\shader_contour_color.frag">
      <Filter>shaders</Filter>
    </None>
    <None Include="..\bin\shaders\shader_color_adjustment.frag">
      <Filter>shaders</Filter>
    </None>
    <None Include="..\bin\shaders\shader_contour_overlay.frag">
      <Filter>shaders</Filter>
    </None>
    <None Include="..\bin\shaders\shader_fish_pond.frag">
      <Filter>shaders</Filter>
    </None>
    <None Include="..\bin\shaders\shader_forest_fire.frag">
      <Filter>shaders</Filter>
    </None>
    <None Include="..\bin\shaders\shader_gravitational_starfield.frag">
      <Filter>shaders</Filter>
    </None>
    <None Include="..\bin\shaders\shader_heat.frag">
      <Filter>shaders</Filter>
    </None>
    <None Include="..\bin\shaders\shader_hexagon.frag">
      <Filter>shaders</Filter>
    </None>
    <None Include="..\bin\shaders\shader_terrain_lighting.frag">
      <Filter>shaders</Filter>
    </None>
    <None Include="..\bin\shaders\shader_nature.frag">
      <Filter>shaders</Filter>
    </None>
    <None Include="..\bin\shaders\shader_obsidian_caldera.frag">
      <Filter>shaders</Filter>
    </None>
    <None Include="..\bin\shaders\shader_prismatic_glacier.frag">
      <Filter>shaders</Filter>
    </None>
    <None Include="..\bin\shaders\shader_blockworld.frag">
      <Filter>shaders</Filter>
    </None>
    <None Include="..\bin\shaders\shader_minecraft.frag">
      <Filter>shaders</Filter>
    </None>
    <None Include="..\bin\shaders\shader_mountain_peaks.frag">
      <Filter>shaders</Filter>
    </None>
    <None Include="..\bin\shaders\shader_vector_fields.frag">
      <Filter>shaders</Filter>
    </None>
    <None Include="..\bin\shaders\shader_water_flow.frag">
      <Filter>shaders</Filter>
    </None>
  </ItemGroup>
  <ItemGroup>
    <Filter Include="imgui">
      <UniqueIdentifier>{62be1bbf-d6bd-433b-94a8-fe899c0c48d7}</UniqueIdentifier>
    </Filter>
    <Filter Include="shaders">
      <UniqueIdentifier>{d081f6a3-854a-43b2-975e-21a8af03e1e1}</UniqueIdentifier>
    </Filter>
    <Filter Include="engine">
      <UniqueIdentifier>{e350c821-f171-4375-95b5-3a36cc054c80}</UniqueIdentifier>
    </Filter>
    <Filter Include="camera">
      <UniqueIdentifier>{4a1e8f66-f9d6-4160-b8f9-fcb860f59987}</UniqueIdentifier>
    </Filter>
    <Filter Include="calibration">
      <UniqueIdentifier>{8274e842-7bd1-4020-b79c-6007d282d44f}</UniqueIdentifier>
    </Filter>
    <Filter Include="sources">
      <UniqueIdentifier>{023f8d89-974c-4af5-a780-8732fc50a3a3}</UniqueIdentifier>
    </Filter>
    <Filter Include="visualizers">
      <UniqueIdentifier>{960b045e-9a96-4ce7-8ccc-d18cfbf26950}</UniqueIdentifier>
    </Filter>
    <Filter Include="visualizers\heat">
      <UniqueIdentifier>{ec1db916-4f12-4bf6-b9da-a8e929c59028}</UniqueIdentifier>
    </Filter>
    <Filter Include="visualizers\colorizer">
      <UniqueIdentifier>{4914076f-3beb-4024-8e48-d76ad32a6dfa}</UniqueIdentifier>
    </Filter>
    <Filter Include="visualizers\vectors">
      <UniqueIdentifier>{22e83f83-56dc-408f-9d8d-788309b022db}</UniqueIdentifier>
    </Filter>
    <Filter Include="sources\perlin">
      <UniqueIdentifier>{2715f9d0-61e9-4d0b-bb53-6ae526df3884}</UniqueIdentifier>
    </Filter>
  </ItemGroup>
</Project>
