<?xml version="1.0" encoding="utf-8"?>
<Project ToolsVersion="4.0" xmlns="http://schemas.microsoft.com/developer/msbuild/2003">
  <ItemGroup>
    <ClCompile Include="..\src\main.cpp" />
    <ClCompile Include="..\src\Assets.cpp">
      <Filter>engine</Filter>
    </ClCompile>
    <ClCompile Include="..\src\GameEngine.cpp">
      <Filter>engine</Filter>
    </ClCompile>
    <ClCompile Include="..\src\Scene.cpp">
      <Filter>engine</Filter>
    </ClCompile>
    <ClCompile Include="..\src\imgui\imgui.cpp">
      <Filter>imgui</Filter>
    </ClCompile>
    <ClCompile Include="..\src\imgui\imgui_demo.cpp">
      <Filter>imgui</Filter>
    </ClCompile>
    <ClCompile Include="..\src\imgui\imgui_draw.cpp">
      <Filter>imgui</Filter>
    </ClCompile>
    <ClCompile Include="..\src\imgui\imgui_tables.cpp">
      <Filter>imgui</Filter>
    </ClCompile>
    <ClCompile Include="..\src\imgui\imgui_widgets.cpp">
      <Filter>imgui</Filter>
    </ClCompile>
    <ClCompile Include="..\src\imgui\imgui-SFML.cpp">
      <Filter>imgui</Filter>
    </ClCompile>
    <ClCompile Include="..\src\Scene_Menu.cpp">
      <Filter>scenes</Filter>
    </ClCompile>
    <ClCompile Include="..\src\MinecraftInterface.cpp">
      <Filter>minecraft</Filter>
    </ClCompile>
    <ClCompile Include="..\src\BlockGeneration.cpp">
      <Filter>minecraft</Filter>
    </ClCompile>
    <ClCompile Include="..\src\Scene_Main.cpp">
      <Filter>scenes</Filter>
    </ClCompile>
    <ClCompile Include="..\src\SandboxProjector.cpp">
      <Filter>sandbox</Filter>
    </ClCompile>
    <ClCompile Include="..\src\Processor_Colorizer.cpp">
      <Filter>topography processors</Filter>
    </ClCompile>
    <ClCompile Include="..\src\Source_Camera.cpp">
      <Filter>topography sources</Filter>
    </ClCompile>
    <ClCompile Include="..\src\DataWarper.cpp">
      <Filter>sandbox</Filter>
    </ClCompile>
    <ClCompile Include="..\src\Tools.cpp">
      <Filter>sandbox</Filter>
    </ClCompile>
    <ClCompile Include="..\src\Source_Perlin.cpp">
      <Filter>topography sources</Filter>
    </ClCompile>
    <ClCompile Include="..\src\Source_Snapshot.cpp">
      <Filter>topography sources</Filter>
    </ClCompile>
    <ClCompile Include="..\src\Processor_Minecraft.cpp">
      <Filter>topography processors</Filter>
    </ClCompile>
    <ClCompile Include="..\src\Processor_Socket.cpp">
      <Filter>topography processors</Filter>
    </ClCompile>
  </ItemGroup>
  <ItemGroup>
    <ClInclude Include="..\src\Assets.h">
      <Filter>engine</Filter>
    </ClInclude>
    <ClInclude Include="..\src\GameEngine.h">
      <Filter>engine</Filter>
    </ClInclude>
    <ClInclude Include="..\src\Vec2.hpp">
      <Filter>engine</Filter>
    </ClInclude>
    <ClInclude Include="..\src\Grid.hpp">
      <Filter>engine</Filter>
    </ClInclude>
    <ClInclude Include="..\src\Scene.h">
      <Filter>engine</Filter>
    </ClInclude>
    <ClInclude Include="..\src\Timer.hpp">
      <Filter>engine</Filter>
    </ClInclude>
    <ClInclude Include="..\src\Action.hpp">
      <Filter>engine</Filter>
    </ClInclude>
    <ClInclude Include="..\src\Perlin.hpp">
      <Filter>scenes</Filter>
    </ClInclude>
    <ClInclude Include="..\src\ViewController.hpp">
      <Filter>engine</Filter>
    </ClInclude>
    <ClInclude Include="..\src\Scene_Menu.h">
      <Filter>scenes</Filter>
    </ClInclude>
    <ClInclude Include="..\src\Cube.hpp">
      <Filter>engine</Filter>
    </ClInclude>
    <ClInclude Include="..\src\MinecraftInterface.h">
      <Filter>minecraft</Filter>
    </ClInclude>
    <ClInclude Include="..\src\BlockGeneration.h">
      <Filter>minecraft</Filter>
    </ClInclude>
    <ClInclude Include="..\src\Profiler.hpp">
      <Filter>engine</Filter>
    </ClInclude>
    <ClInclude Include="..\src\CameraFilters.hpp">
      <Filter>sandbox</Filter>
    </ClInclude>
    <ClInclude Include="..\src\RealSenseTools.hpp">
      <Filter>sandbox</Filter>
    </ClInclude>
    <ClInclude Include="..\src\Scene_Main.h">
      <Filter>scenes</Filter>
    </ClInclude>
    <ClInclude Include="..\src\TopographySource.h">
      <Filter>topography sources</Filter>
    </ClInclude>
    <ClInclude Include="..\src\TopographyProcessor.h">
      <Filter>topography processors</Filter>
    </ClInclude>
    <ClInclude Include="..\src\SandboxProjector.h">
      <Filter>sandbox</Filter>
    </ClInclude>
    <ClInclude Include="..\src\Processor_Colorizer.h">
      <Filter>topography processors</Filter>
    </ClInclude>
    <ClInclude Include="..\src\Source_Camera.h">
      <Filter>topography sources</Filter>
    </ClInclude>
    <ClInclude Include="..\src\DataWarper.h">
      <Filter>sandbox</Filter>
    </ClInclude>
    <ClInclude Include="..\src\Tools.h">
      <Filter>sandbox</Filter>
    </ClInclude>
    <ClInclude Include="..\src\Source_Perlin.h">
      <Filter>topography sources</Filter>
    </ClInclude>
    <ClInclude Include="..\src\Source_Snapshot.h">
      <Filter>topography sources</Filter>
    </ClInclude>
    <ClInclude Include="..\src\Processor_Minecraft.h">
      <Filter>topography processors</Filter>
    </ClInclude>
    <ClInclude Include="..\src\Processor_Socket.h">
      <Filter>topography processors</Filter>
    </ClInclude>
    <ClInclude Include="..\src\Save.hpp">
      <Filter>engine</Filter>
    </ClInclude>
  </ItemGroup>
  <ItemGroup>
    <Filter Include="engine">
      <UniqueIdentifier>{15c27b81-2e23-4db7-9b31-c271b05d7ca1}</UniqueIdentifier>
    </Filter>
    <Filter Include="scenes">
      <UniqueIdentifier>{e6405375-fc0b-41c2-b260-7a1a61b6a5e8}</UniqueIdentifier>
    </Filter>
    <Filter Include="imgui">
      <UniqueIdentifier>{fd00c5e6-54c2-4cbd-91ee-c7d51d1d1d6d}</UniqueIdentifier>
    </Filter>
    <Filter Include="minecraft">
      <UniqueIdentifier>{1129600a-c15c-4492-9aa1-6c0056e70bf6}</UniqueIdentifier>
    </Filter>
    <Filter Include="sandbox">
      <UniqueIdentifier>{2da31b36-3cf6-482f-a351-25836cb25a3d}</UniqueIdentifier>
    </Filter>
    <Filter Include="topography sources">
      <UniqueIdentifier>{ad0c4095-a702-48c6-a6cc-ce356a96b904}</UniqueIdentifier>
    </Filter>
    <Filter Include="topography processors">
      <UniqueIdentifier>{9367886d-e567-4128-803e-2168c7e93d01}</UniqueIdentifier>
    </Filter>
  </ItemGroup>
  <ItemGroup>
    <None Include="..\bin\shaders\shader_contour_color.frag">
      <Filter>sandbox</Filter>
    </None>
  </ItemGroup>
</Project>